
Microsoft Visual Studio Solution File, Format Version 12.00
# Visual Studio Version 17
VisualStudioVersion = 17.0.31903.59
MinimumVisualStudioVersion = 10.0.40219.1
Project("{2150E333-8FDC-42A3-9474-1A3956D46DE8}") = "src", "src", "{01BA0622-0530-40BB-9D0B-B541B2790B03}"
EndProject
Project("{FAE04EC0-301F-11D3-BF4B-00C04F79EFBC}") = "BreedingProgramPoc", "src\BreedingProgramPoc\BreedingProgramPoc.csproj", "{115564B1-FBF7-46EB-A922-AA4518BFFC72}"
EndProject
Project("{2150E333-8FDC-42A3-9474-1A3956D46DE8}") = "tests", "tests", "{F9E84801-570A-4929-948C-74E8DA6106E9}"
EndProject
Project("{FAE04EC0-301F-11D3-BF4B-00C04F79EFBC}") = "BreedingProgramPoc.Tests", "tests\BreedingProgramPoc.Tests\BreedingProgramPoc.Tests.csproj", "{06C6A740-ECD5-485C-8F31-FD54FC04FC02}"
EndProject
Project("{FAE04EC0-301F-11D3-BF4B-00C04F79EFBC}") = "BreedingProgramPoc.Tui", "src\BreedingProgramPoc.Tui\BreedingProgramPoc.Tui.csproj", "{ED2B0F04-5AE4-40E2-A002-6D848375695C}"
EndProject
Global
	GlobalSection(SolutionProperties) = preSolution
		HideSolutionNode = FALSE
	EndGlobalSection
	GlobalSection(SolutionConfigurationPlatforms) = preSolution
		Debug|Any CPU = Debug|Any CPU
		Debug|x64 = Debug|x64
		Debug|x86 = Debug|x86
		Release|Any CPU = Release|Any CPU
		Release|x64 = Release|x64
		Release|x86 = Release|x86
	EndGlobalSection
	GlobalSection(ProjectConfigurationPlatforms) = postSolution
		{115564B1-FBF7-46EB-A922-AA4518BFFC72}.Debug|Any CPU.ActiveCfg = Debug|Any CPU
		{115564B1-FBF7-46EB-A922-AA4518BFFC72}.Debug|Any CPU.Build.0 = Debug|Any CPU
		{115564B1-FBF7-46EB-A922-AA4518BFFC72}.Debug|x64.ActiveCfg = Debug|Any CPU
		{115564B1-FBF7-46EB-A922-AA4518BFFC72}.Debug|x64.Build.0 = Debug|Any CPU
		{115564B1-FBF7-46EB-A922-AA4518BFFC72}.Debug|x86.ActiveCfg = Debug|Any CPU
		{115564B1-FBF7-46EB-A922-AA4518BFFC72}.Debug|x86.Build.0 = Debug|Any CPU
		{115564B1-FBF7-46EB-A922-AA4518BFFC72}.Release|Any CPU.ActiveCfg = Release|Any CPU
		{115564B1-FBF7-46EB-A922-AA4518BFFC72}.Release|Any CPU.Build.0 = Release|Any CPU
		{115564B1-FBF7-46EB-A922-AA4518BFFC72}.Release|x64.ActiveCfg = Release|Any CPU
		{115564B1-FBF7-46EB-A922-AA4518BFFC72}.Release|x64.Build.0 = Release|Any CPU
		{115564B1-FBF7-46EB-A922-AA4518BFFC72}.Release|x86.ActiveCfg = Release|Any CPU
		{115564B1-FBF7-46EB-A922-AA4518BFFC72}.Release|x86.Build.0 = Release|Any CPU
		{06C6A740-ECD5-485C-8F31-FD54FC04FC02}.Debug|Any CPU.ActiveCfg = Debug|Any CPU
		{06C6A740-ECD5-485C-8F31-FD54FC04FC02}.Debug|Any CPU.Build.0 = Debug|Any CPU
		{06C6A740-ECD5-485C-8F31-FD54FC04FC02}.Debug|x64.ActiveCfg = Debug|Any CPU
		{06C6A740-ECD5-485C-8F31-FD54FC04FC02}.Debug|x64.Build.0 = Debug|Any CPU
		{06C6A740-ECD5-485C-8F31-FD54FC04FC02}.Debug|x86.ActiveCfg = Debug|Any CPU
		{06C6A740-ECD5-485C-8F31-FD54FC04FC02}.Debug|x86.Build.0 = Debug|Any CPU
		{06C6A740-ECD5-485C-8F31-FD54FC04FC02}.Release|Any CPU.ActiveCfg = Release|Any CPU
		{06C6A740-ECD5-485C-8F31-FD54FC04FC02}.Release|Any CPU.Build.0 = Release|Any CPU
		{06C6A740-ECD5-485C-8F31-FD54FC04FC02}.Release|x64.ActiveCfg = Release|Any CPU
		{06C6A740-ECD5-485C-8F31-FD54FC04FC02}.Release|x64.Build.0 = Release|Any CPU
		{06C6A740-ECD5-485C-8F31-FD54FC04FC02}.Release|x86.ActiveCfg = Release|Any CPU
		{06C6A740-ECD5-485C-8F31-FD54FC04FC02}.Release|x86.Build.0 = Release|Any CPU
		{ED2B0F04-5AE4-40E2-A002-6D848375695C}.Debug|Any CPU.ActiveCfg = Debug|Any CPU
		{ED2B0F04-5AE4-40E2-A002-6D848375695C}.Debug|Any CPU.Build.0 = Debug|Any CPU
		{ED2B0F04-5AE4-40E2-A002-6D848375695C}.Debug|x64.ActiveCfg = Debug|Any CPU
		{ED2B0F04-5AE4-40E2-A002-6D848375695C}.Debug|x64.Build.0 = Debug|Any CPU
		{ED2B0F04-5AE4-40E2-A002-6D848375695C}.Debug|x86.ActiveCfg = Debug|Any CPU
		{ED2B0F04-5AE4-40E2-A002-6D848375695C}.Debug|x86.Build.0 = Debug|Any CPU
		{ED2B0F04-5AE4-40E2-A002-6D848375695C}.Release|Any CPU.ActiveCfg = Release|Any CPU
		{ED2B0F04-5AE4-40E2-A002-6D848375695C}.Release|Any CPU.Build.0 = Release|Any CPU
		{ED2B0F04-5AE4-40E2-A002-6D848375695C}.Release|x64.ActiveCfg = Release|Any CPU
		{ED2B0F04-5AE4-40E2-A002-6D848375695C}.Release|x64.Build.0 = Release|Any CPU
		{ED2B0F04-5AE4-40E2-A002-6D848375695C}.Release|x86.ActiveCfg = Release|Any CPU
		{ED2B0F04-5AE4-40E2-A002-6D848375695C}.Release|x86.Build.0 = Release|Any CPU
	EndGlobalSection
	GlobalSection(NestedProjects) = preSolution
		{115564B1-FBF7-46EB-A922-AA4518BFFC72} = {01BA0622-0530-40BB-9D0B-B541B2790B03}
		{06C6A740-ECD5-485C-8F31-FD54FC04FC02} = {F9E84801-570A-4929-948C-74E8DA6106E9}
		{ED2B0F04-5AE4-40E2-A002-6D848375695C} = {01BA0622-0530-40BB-9D0B-B541B2790B03}
	EndGlobalSection
EndGlobal
